hash: 596d9be4eb8f5f3bcf84e30331440248e8d371c43f16d8f5f0e4146531a57c4f
updated: 2017-01-27T10:47:13.850422838+01:00
imports:
- name: github.com/golang/protobuf
  version: 8ee79997227bf9b34611aee7946ae64735e6fd93
  subpackages:
  - proto
- name: golang.org/x/net
  version: f2499483f923065a842d38eb4c7f1927e6fc6e6d
  subpackages:
  - context
  - http2
  - trace
  - http2/hpack
  - idna
  - lex/httplex
  - internal/timeseries
- name: google.golang.org/grpc
  version: 50955793b0183f9de69bd78e2ec251cf20aab121
  subpackages:
  - codes
  - credentials
  - grpclog
  - internal
  - metadata
  - naming
  - stats
  - tap
  - transport
  - peer
- name: gopkg.in/mgo.v2
  version: 3f83fa5005286a7fe593b055f0d7771a7dce4655
  subpackages:
  - bson
  - internal/sasl
  - internal/scram
  - internal/json
devImports: []
